// !$*UTF8*$!
{
	archiveVersion = 1;
	classes = {
	};
	objectVersion = 56;
	objects = {

/* Begin PBXBuildFile section */
		201885892DC5963100B73F4F /* ThirdViewController.swift in Sources */ = {isa = PBXBuildFile; fileRef = 201885882DC5963100B73F4F /* ThirdViewController.swift */; };
		201FD4AC2DBADC6E00246B1B /* SecondVCViewController.swift in Sources */ = {isa = PBXBuildFile; fileRef = 201FD4AB2DBADC6E00246B1B /* SecondVCViewController.swift */; };
		204589232D766BF500BAAD3E /* AppDelegate.swift in Sources */ = {isa = PBXBuildFile; fileRef = 204589222D766BF500BAAD3E /* AppDelegate.swift */; };
		204589252D766BF500BAAD3E /* SceneDelegate.swift in Sources */ = {isa = PBXBuildFile; fileRef = 204589242D766BF500BAAD3E /* SceneDelegate.swift */; };
		204589272D766BF500BAAD3E /* ViewController.swift in Sources */ = {isa = PBXBuildFile; fileRef = 204589262D766BF500BAAD3E /* ViewController.swift */; };
		2045892A2D766BF500BAAD3E /* Main.storyboard in Resources */ = {isa = PBXBuildFile; fileRef = 204589282D766BF500BAAD3E /* Main.storyboard */; };
		2045892D2D766BF500BAAD3E /* nav.xcdatamodeld in Sources */ = {isa = PBXBuildFile; fileRef = 2045892B2D766BF500BAAD3E /* nav.xcdatamodeld */; };
		2045892F2D766BF700BAAD3E /* Assets.xcassets in Resources */ = {isa = PBXBuildFile; fileRef = 2045892E2D766BF700BAAD3E /* Assets.xcassets */; };
		204589322D766BF700BAAD3E /* LaunchScreen.storyboard in Resources */ = {isa = PBXBuildFile; fileRef = 204589302D766BF700BAAD3E /* LaunchScreen.storyboard */; };
		20719A4A2DD3426F00A649C1 /* ProfileVC.swift in Sources */ = {isa = PBXBuildFile; fileRef = 20719A492DD3426F00A649C1 /* ProfileVC.swift */; };
		20D3F34D2DD613D900B6460A /* RegistrationVC.swift in Sources */ = {isa = PBXBuildFile; fileRef = 20D3F34C2DD613D900B6460A /* RegistrationVC.swift */; };
/* End PBXBuildFile section */

/* Begin PBXFileReference section */
		201885882DC5963100B73F4F /* ThirdViewController.swift */ = {isa = PBXFileReference; lastKnownFileType = sourcecode.swift; path = ThirdViewController.swift; sourceTree = "<group>"; };
		201FD4AB2DBADC6E00246B1B /* SecondVCViewController.swift */ = {isa = PBXFileReference; lastKnownFileType = sourcecode.swift; path = SecondVCViewController.swift; sourceTree = "<group>"; };
		2045891F2D766BF500BAAD3E /* nav.app */ = {isa = PBXFileReference; explicitFileType = wrapper.application; includeInIndex = 0; path = nav.app; sourceTree = BUILT_PRODUCTS_DIR; };
		204589222D766BF500BAAD3E /* AppDelegate.swift */ = {isa = PBXFileReference; lastKnownFileType = sourcecode.swift; path = AppDelegate.swift; sourceTree = "<group>"; };
		204589242D766BF500BAAD3E /* SceneDelegate.swift */ = {isa = PBXFileReference; lastKnownFileType = sourcecode.swift; path = SceneDelegate.swift; sourceTree = "<group>"; };
		204589262D766BF500BAAD3E /* ViewController.swift */ = {isa = PBXFileReference; lastKnownFileType = sourcecode.swift; path = ViewController.swift; sourceTree = "<group>"; };
		204589292D766BF500BAAD3E /* Base */ = {isa = PBXFileReference; lastKnownFileType = file.storyboard; name = Base; path = Base.lproj/Main.storyboard; sourceTree = "<group>"; };
		2045892C2D766BF500BAAD3E /* nav.xcdatamodel */ = {isa = PBXFileReference; lastKnownFileType = wrapper.xcdatamodel; path = nav.xcdatamodel; sourceTree = "<group>"; };
		2045892E2D766BF700BAAD3E /* Assets.xcassets */ = {isa = PBXFileReference; lastKnownFileType = folder.assetcatalog; path = Assets.xcassets; sourceTree = "<group>"; };
		204589312D766BF700BAAD3E /* Base */ = {isa = PBXFileReference; lastKnownFileType = file.storyboard; name = Base; path = Base.lproj/LaunchScreen.storyboard; sourceTree = "<group>"; };
		204589332D766BF700BAAD3E /* Info.plist */ = {isa = PBXFileReference; lastKnownFileType = text.plist.xml; path = Info.plist; sourceTree = "<group>"; };
		20719A492DD3426F00A649C1 /* ProfileVC.swift */ = {isa = PBXFileReference; lastKnownFileType = sourcecode.swift; path = ProfileVC.swift; sourceTree = "<group>"; };
		20D3F34C2DD613D900B6460A /* RegistrationVC.swift */ = {isa = PBXFileReference; lastKnownFileType = sourcecode.swift; path = RegistrationVC.swift; sourceTree = "<group>"; };
/* End PBXFileReference section */

/* Begin PBXFrameworksBuildPhase section */
		2045891C2D766BF500BAAD3E /* Frameworks */ = {
			isa = PBXFrameworksBuildPhase;
			buildActionMask = 2147483647;
			files = (
			);
			runOnlyForDeploymentPostprocessing = 0;
		};
/* End PBXFrameworksBuildPhase section */

/* Begin PBXGroup section */
		204589162D766BF500BAAD3E = {
			isa = PBXGroup;
			children = (
				204589212D766BF500BAAD3E /* nav */,
				204589202D766BF500BAAD3E /* Products */,
			);
			sourceTree = "<group>";
		};
		204589202D766BF500BAAD3E /* Products */ = {
			isa = PBXGroup;
			children = (
				2045891F2D766BF500BAAD3E /* nav.app */,
			);
			name = Products;
			sourceTree = "<group>";
		};
		204589212D766BF500BAAD3E /* nav */ = {
			isa = PBXGroup;
			children = (
				204589222D766BF500BAAD3E /* AppDelegate.swift */,
				204589242D766BF500BAAD3E /* SceneDelegate.swift */,
				204589262D766BF500BAAD3E /* ViewController.swift */,
				204589282D766BF500BAAD3E /* Main.storyboard */,
				2045892E2D766BF700BAAD3E /* Assets.xcassets */,
				204589302D766BF700BAAD3E /* LaunchScreen.storyboard */,
				204589332D766BF700BAAD3E /* Info.plist */,
				2045892B2D766BF500BAAD3E /* nav.xcdatamodeld */,
				201FD4AB2DBADC6E00246B1B /* SecondVCViewController.swift */,
				201885882DC5963100B73F4F /* ThirdViewController.swift */,
				20719A492DD3426F00A649C1 /* ProfileVC.swift */,
				20D3F34C2DD613D900B6460A /* RegistrationVC.swift */,
			);
			path = nav;
			sourceTree = "<group>";
		};
/* End PBXGroup section */

/* Begin PBXNativeTarget section */
		2045891E2D766BF500BAAD3E /* nav */ = {
			isa = PBXNativeTarget;
			buildConfigurationList = 204589362D766BF700BAAD3E /* Build configuration list for PBXNativeTarget "nav" */;
			buildPhases = (
				2045891B2D766BF500BAAD3E /* Sources */,
				2045891C2D766BF500BAAD3E /* Frameworks */,
				2045891D2D766BF500BAAD3E /* Resources */,
			);
			buildRules = (
			);
			dependencies = (
			);
			name = nav;
			productName = nav;
			productReference = 2045891F2D766BF500BAAD3E /* nav.app */;
			productType = "com.apple.product-type.application";
		};
/* End PBXNativeTarget section */

/* Begin PBXProject section */
		204589172D766BF500BAAD3E /* Project object */ = {
			isa = PBXProject;
			attributes = {
				BuildIndependentTargetsInParallel = 1;
				LastSwiftUpdateCheck = 1500;
				LastUpgradeCheck = 1500;
				TargetAttributes = {
					2045891E2D766BF500BAAD3E = {
						CreatedOnToolsVersion = 15.0.1;
					};
				};
			};
			buildConfigurationList = 2045891A2D766BF500BAAD3E /* Build configuration list for PBXProject "nav" */;
			compatibilityVersion = "Xcode 14.0";
			developmentRegion = en;
			hasScannedForEncodings = 0;
			knownRegions = (
				en,
				Base,
			);
			mainGroup = 204589162D766BF500BAAD3E;
			productRefGroup = 204589202D766BF500BAAD3E /* Products */;
			projectDirPath = "";
			projectRoot = "";
			targets = (
				2045891E2D766BF500BAAD3E /* nav */,
			);
		};
/* End PBXProject section */

/* Begin PBXResourcesBuildPhase section */
		2045891D2D766BF500BAAD3E /* Resources */ = {
			isa = PBXResourcesBuildPhase;
			buildActionMask = 2147483647;
			files = (
				204589322D766BF700BAAD3E /* LaunchScreen.storyboard in Resources */,
				2045892F2D766BF700BAAD3E /* Assets.xcassets in Resources */,
				2045892A2D766BF500BAAD3E /* Main.storyboard in Resources */,
			);
			runOnlyForDeploymentPostprocessing = 0;
		};
/* End PBXResourcesBuildPhase section */

/* Begin PBXSourcesBuildPhase section */
		2045891B2D766BF500BAAD3E /* Sources */ = {
			isa = PBXSourcesBuildPhase;
			buildActionMask = 2147483647;
			files = (
				204589272D766BF500BAAD3E /* ViewController.swift in Sources */,
				2045892D2D766BF500BAAD3E /* nav.xcdatamodeld in Sources */,
				20719A4A2DD3426F00A649C1 /* ProfileVC.swift in Sources */,
				20D3F34D2DD613D900B6460A /* RegistrationVC.swift in Sources */,
				204589232D766BF500BAAD3E /* AppDelegate.swift in Sources */,
				204589252D766BF500BAAD3E /* SceneDelegate.swift in Sources */,
				201885892DC5963100B73F4F /* ThirdViewController.swift in Sources */,
				201FD4AC2DBADC6E00246B1B /* SecondVCViewController.swift in Sources */,
			);
			runOnlyForDeploymentPostprocessing = 0;
		};
/* End PBXSourcesBuildPhase section */

/* Begin PBXVariantGroup section */
		204589282D766BF500BAAD3E /* Main.storyboard */ = {
			isa = PBXVariantGroup;
			children = (
				204589292D766BF500BAAD3E /* Base */,
			);
			name = Main.storyboard;
			sourceTree = "<group>";
		};
		204589302D766BF700BAAD3E /* LaunchScreen.storyboard */ = {
			isa = PBXVariantGroup;
			children = (
				204589312D766BF700BAAD3E /* Base */,
			);
			name = LaunchScreen.storyboard;
			sourceTree = "<group>";
		};
/* End PBXVariantGroup section */

/* Begin XCBuildConfiguration section */
		204589342D766BF700BAAD3E /* Debug */ = {
			isa = XCBuildConfiguration;
			buildSettings = {
				ALWAYS_SEARCH_USER_PATHS = NO;
				ASSETCATALOG_COMPILER_GENERATE_SWIFT_ASSET_SYMBOL_EXTENSIONS = YES;
				CLANG_ANALYZER_NONNULL = YES;
				CLANG_ANALYZER_NUMBER_OBJECT_CONVERSION = YES_AGGRESSIVE;
				CLANG_CXX_LANGUAGE_STANDARD = "gnu++20";
				CLANG_ENABLE_MODULES = YES;
				CLANG_ENABLE_OBJC_ARC = YES;
				CLANG_ENABLE_OBJC_WEAK = YES;
				CLANG_WARN_BLOCK_CAPTURE_AUTORELEASING = YES;
				CLANG_WARN_BOOL_CONVERSION = YES;
				CLANG_WARN_COMMA = YES;
				CLANG_WARN_CONSTANT_CONVERSION = YES;
				CLANG_WARN_DEPRECATED_OBJC_IMPLEMENTATIONS = YES;
				CLANG_WARN_DIRECT_OBJC_ISA_USAGE = YES_ERROR;
				CLANG_WARN_DOCUMENTATION_COMMENTS = YES;
				CLANG_WARN_EMPTY_BODY = YES;
				CLANG_WARN_ENUM_CONVERSION = YES;
				CLANG_WARN_INFINITE_RECURSION = YES;
				CLANG_WARN_INT_CONVERSION = YES;
				CLANG_WARN_NON_LITERAL_NULL_CONVERSION = YES;
				CLANG_WARN_OBJC_IMPLICIT_RETAIN_SELF = YES;
				CLANG_WARN_OBJC_LITERAL_CONVERSION = YES;
				CLANG_WARN_OBJC_ROOT_CLASS = YES_ERROR;
				CLANG_WARN_QUOTED_INCLUDE_IN_FRAMEWORK_HEADER = YES;
				CLANG_WARN_RANGE_LOOP_ANALYSIS = YES;
				CLANG_WARN_STRICT_PROTOTYPES = YES;
				CLANG_WARN_SUSPICIOUS_MOVE = YES;
				CLANG_WARN_UNGUARDED_AVAILABILITY = YES_AGGRESSIVE;
				CLANG_WARN_UNREACHABLE_CODE = YES;
				CLANG_WARN__DUPLICATE_METHOD_MATCH = YES;
				COPY_PHASE_STRIP = NO;
				DEBUG_INFORMATION_FORMAT = dwarf;
				ENABLE_STRICT_OBJC_MSGSEND = YES;
				ENABLE_TESTABILITY = YES;
				ENABLE_USER_SCRIPT_SANDBOXING = YES;
				GCC_C_LANGUAGE_STANDARD = gnu17;
				GCC_DYNAMIC_NO_PIC = NO;
				GCC_NO_COMMON_BLOCKS = YES;
				GCC_OPTIMIZATION_LEVEL = 0;
				GCC_PREPROCESSOR_DEFINITIONS = (
					"DEBUG=1",
					"$(inherited)",
				);
				GCC_WARN_64_TO_32_BIT_CONVERSION = YES;
				GCC_WARN_ABOUT_RETURN_TYPE = YES_ERROR;
				GCC_WARN_UNDECLARED_SELECTOR = YES;
				GCC_WARN_UNINITIALIZED_AUTOS = YES_AGGRESSIVE;
				GCC_WARN_UNUSED_FUNCTION = YES;
				GCC_WARN_UNUSED_VARIABLE = YES;
				IPHONEOS_DEPLOYMENT_TARGET = 17.0;
				LOCALIZATION_PREFERS_STRING_CATALOGS = YES;
				MTL_ENABLE_DEBUG_INFO = INCLUDE_SOURCE;
				MTL_FAST_MATH = YES;
				ONLY_ACTIVE_ARCH = YES;
				SDKROOT = iphoneos;
				SWIFT_ACTIVE_COMPILATION_CONDITIONS = "DEBUG $(inherited)";
				SWIFT_OPTIMIZATION_LEVEL = "-Onone";
			};
			name = Debug;
		};
		204589352D766BF700BAAD3E /* Release */ = {
			isa = XCBuildConfiguration;
			buildSettings = {
				ALWAYS_SEARCH_USER_PATHS = NO;
				ASSETCATALOG_COMPILER_GENERATE_SWIFT_ASSET_SYMBOL_EXTENSIONS = YES;
				CLANG_ANALYZER_NONNULL = YES;
				CLANG_ANALYZER_NUMBER_OBJECT_CONVERSION = YES_AGGRESSIVE;
				CLANG_CXX_LANGUAGE_STANDARD = "gnu++20";
				CLANG_ENABLE_MODULES = YES;
				CLANG_ENABLE_OBJC_ARC = YES;
				CLANG_ENABLE_OBJC_WEAK = YES;
				CLANG_WARN_BLOCK_CAPTURE_AUTORELEASING = YES;
				CLANG_WARN_BOOL_CONVERSION = YES;
				CLANG_WARN_COMMA = YES;
				CLANG_WARN_CONSTANT_CONVERSION = YES;
				CLANG_WARN_DEPRECATED_OBJC_IMPLEMENTATIONS = YES;
				CLANG_WARN_DIRECT_OBJC_ISA_USAGE = YES_ERROR;
				CLANG_WARN_DOCUMENTATION_COMMENTS = YES;
				CLANG_WARN_EMPTY_BODY = YES;
				CLANG_WARN_ENUM_CONVERSION = YES;
				CLANG_WARN_INFINITE_RECURSION = YES;
				CLANG_WARN_INT_CONVERSION = YES;
				CLANG_WARN_NON_LITERAL_NULL_CONVERSION = YES;
				CLANG_WARN_OBJC_IMPLICIT_RETAIN_SELF = YES;
				CLANG_WARN_OBJC_LITERAL_CONVERSION = YES;
				CLANG_WARN_OBJC_ROOT_CLASS = YES_ERROR;
				CLANG_WARN_QUOTED_INCLUDE_IN_FRAMEWORK_HEADER = YES;
				CLANG_WARN_RANGE_LOOP_ANALYSIS = YES;
				CLANG_WARN_STRICT_PROTOTYPES = YES;
				CLANG_WARN_SUSPICIOUS_MOVE = YES;
				CLANG_WARN_UNGUARDED_AVAILABILITY = YES_AGGRESSIVE;
				CLANG_WARN_UNREACHABLE_CODE = YES;
				CLANG_WARN__DUPLICATE_METHOD_MATCH = YES;
				COPY_PHASE_STRIP = NO;
				DEBUG_INFORMATION_FORMAT = "dwarf-with-dsym";
				ENABLE_NS_ASSERTIONS = NO;
				ENABLE_STRICT_OBJC_MSGSEND = YES;
				ENABLE_USER_SCRIPT_SANDBOXING = YES;
				GCC_C_LANGUAGE_STANDARD = gnu17;
				GCC_NO_COMMON_BLOCKS = YES;
				GCC_WARN_64_TO_32_BIT_CONVERSION = YES;
				GCC_WARN_ABOUT_RETURN_TYPE = YES_ERROR;
				GCC_WARN_UNDECLARED_SELECTOR = YES;
				GCC_WARN_UNINITIALIZED_AUTOS = YES_AGGRESSIVE;
				GCC_WARN_UNUSED_FUNCTION = YES;
				GCC_WARN_UNUSED_VARIABLE = YES;
				IPHONEOS_DEPLOYMENT_TARGET = 17.0;
				LOCALIZATION_PREFERS_STRING_CATALOGS = YES;
				MTL_ENABLE_DEBUG_INFO = NO;
				MTL_FAST_MATH = YES;
				SDKROOT = iphoneos;
				SWIFT_COMPILATION_MODE = wholemodule;
				VALIDATE_PRODUCT = YES;
			};
			name = Release;
		};
		204589372D766BF700BAAD3E /* Debug */ = {
			isa = XCBuildConfiguration;
			buildSettings = {
				ASSETCATALOG_COMPILER_APPICON_NAME = AppIcon;
				ASSETCATALOG_COMPILER_GLOBAL_ACCENT_COLOR_NAME = AccentColor;
				CODE_SIGN_STYLE = Automatic;
				CURRENT_PROJECT_VERSION = 1;
				DEVELOPMENT_TEAM = DN4966W9VT;
				GENERATE_INFOPLIST_FILE = YES;
				INFOPLIST_FILE = nav/Info.plist;
				INFOPLIST_KEY_UIApplicationSupportsIndirectInputEvents = YES;
				INFOPLIST_KEY_UILaunchStoryboardName = LaunchScreen;
				INFOPLIST_KEY_UIMainStoryboardFile = Main;
				INFOPLIST_KEY_UISupportedInterfaceOrientations_iPad = "UIInterfaceOrientationPortrait UIInterfaceOrientationPortraitUpsideDown UIInterfaceOrientationLandscapeLeft UIInterfaceOrientationLandscapeRight";
				INFOPLIST_KEY_UISupportedInterfaceOrientations_iPhone = "UIInterfaceOrientationPortrait UIInterfaceOrientationLandscapeLeft UIInterfaceOrientationLandscapeRight";
				LD_RUNPATH_SEARCH_PATHS = (
					"$(inherited)",
					"@executable_path/Frameworks",
				);
				MARKETING_VERSION = 1.0;
				PRODUCT_BUNDLE_IDENTIFIER = com.svnji.nav;
				PRODUCT_NAME = "$(TARGET_NAME)";
				SWIFT_EMIT_LOC_STRINGS = YES;
				SWIFT_VERSION = 5.0;
				TARGETED_DEVICE_FAMILY = "1,2";
			};
			name = Debug;
		};
		204589382D766BF700BAAD3E /* Release */ = {
			isa = XCBuildConfiguration;
			buildSettings = {
				ASSETCATALOG_COMPILER_APPICON_NAME = AppIcon;
				ASSETCATALOG_COMPILER_GLOBAL_ACCENT_COLOR_NAME = AccentColor;
				CODE_SIGN_STYLE = Automatic;
				CURRENT_PROJECT_VERSION = 1;
				DEVELOPMENT_TEAM = DN4966W9VT;
				GENERATE_INFOPLIST_FILE = YES;
				INFOPLIST_FILE = nav/Info.plist;
				INFOPLIST_KEY_UIApplicationSupportsIndirectInputEvents = YES;
				INFOPLIST_KEY_UILaunchStoryboardName = LaunchScreen;
				INFOPLIST_KEY_UIMainStoryboardFile = Main;
				INFOPLIST_KEY_UISupportedInterfaceOrientations_iPad = "UIInterfaceOrientationPortrait UIInterfaceOrientationPortraitUpsideDown UIInterfaceOrientationLandscapeLeft UIInterfaceOrientationLandscapeRight";
				INFOPLIST_KEY_UISupportedInterfaceOrientations_iPhone = "UIInterfaceOrientationPortrait UIInterfaceOrientationLandscapeLeft UIInterfaceOrientationLandscapeRight";
				LD_RUNPATH_SEARCH_PATHS = (
					"$(inherited)",
					"@executable_path/Frameworks",
				);
				MARKETING_VERSION = 1.0;
				PRODUCT_BUNDLE_IDENTIFIER = com.svnji.nav;
				PRODUCT_NAME = "$(TARGET_NAME)";
				SWIFT_EMIT_LOC_STRINGS = YES;
				SWIFT_VERSION = 5.0;
				TARGETED_DEVICE_FAMILY = "1,2";
			};
			name = Release;
		};
/* End XCBuildConfiguration section */

/* Begin XCConfigurationList section */
		2045891A2D766BF500BAAD3E /* Build configuration list for PBXProject "nav" */ = {
			isa = XCConfigurationList;
			buildConfigurations = (
				204589342D766BF700BAAD3E /* Debug */,
				204589352D766BF700BAAD3E /* Release */,
			);
			defaultConfigurationIsVisible = 0;
			defaultConfigurationName = Release;
		};
		204589362D766BF700BAAD3E /* Build configuration list for PBXNativeTarget "nav" */ = {
			isa = XCConfigurationList;
			buildConfigurations = (
				204589372D766BF700BAAD3E /* Debug */,
				204589382D766BF700BAAD3E /* Release */,
			);
			defaultConfigurationIsVisible = 0;
			defaultConfigurationName = Release;
		};
/* End XCConfigurationList section */

/* Begin XCVersionGroup section */
		2045892B2D766BF500BAAD3E /* nav.xcdatamodeld */ = {
			isa = XCVersionGroup;
			children = (
				2045892C2D766BF500BAAD3E /* nav.xcdatamodel */,
			);
			currentVersion = 2045892C2D766BF500BAAD3E /* nav.xcdatamodel */;
			path = nav.xcdatamodeld;
			sourceTree = "<group>";
			versionGroupType = wrapper.xcdatamodel;
		};
/* End XCVersionGroup section */
	};
	rootObject = 204589172D766BF500BAAD3E /* Project object */;
}
